{
  "originHash" : "4ae6e449d6cd4d77cafbd9fd1262b5530334711a18053f735a4c033c09c230a8",
  "pins" : [
    {
      "identity" : "pow",
      "kind" : "remoteSourceControl",
      "location" : "https://github.com/EmergeTools/Pow",
      "state" : {
        "revision" : "1b4b1dda28c50b95f0872927ee2226fe8b58950e",
        "version" : "1.0.6"
      }
    }
  ],
  "version" : 3
}
